
Microsoft Visual Studio Solution File, Format Version 12.00
# Visual Studio Version 17
VisualStudioVersion = 17.14.36414.22
MinimumVisualStudioVersion = 10.0.40219.1
Project("{FAE04EC0-301F-11D3-BF4B-00C04F79EFBC}") = "TimerApp", "TimerApp.csproj", "{CB01FAD8-F7B8-9498-C994-650E9E7E5C5F}"
EndProject
Global
	GlobalSection(SolutionConfigurationPlatforms) = preSolution
		Debug|Any CPU = Debug|Any CPU
		Release|Any CPU = Release|Any CPU
	EndGlobalSection
	GlobalSection(ProjectConfigurationPlatforms) = postSolution
		{CB01FAD8-F7B8-9498-C994-650E9E7E5C5F}.Debug|Any CPU.ActiveCfg = Debug|Any CPU
		{CB01FAD8-F7B8-9498-C994-650E9E7E5C5F}.Debug|Any CPU.Build.0 = Debug|Any CPU
		{CB01FAD8-F7B8-9498-C994-650E9E7E5C5F}.Release|Any CPU.ActiveCfg = Release|Any CPU
		{CB01FAD8-F7B8-9498-C994-650E9E7E5C5F}.Release|Any CPU.Build.0 = Release|Any CPU
	EndGlobalSection
	GlobalSection(SolutionProperties) = preSolution
		HideSolutionNode = FALSE
	EndGlobalSection
	GlobalSection(ExtensibilityGlobals) = postSolution
		SolutionGuid = {74C9E3F0-043C-4DD9-884A-C1490959C714}
	EndGlobalSection
EndGlobal
